
Microsoft Visual Studio Solution File, Format Version 12.00
# Visual Studio 14
VisualStudioVersion = 14.0.25420.1
MinimumVisualStudioVersion = 10.0.40219.1
Project("{FAE04EC0-301F-11D3-BF4B-00C04F79EFBC}") = "Project01_demo", "project01_demo\Project01_demo.csproj", "{AA2C6D3E-5F23-4E24-A856-E80E32F3F7A3}"
EndProject
Project("{FAE04EC0-301F-11D3-BF4B-00C04F79EFBC}") = "Project00_WebPages", "Project00_WebPages\Project00_WebPages.csproj", "{3D1D8190-A628-4425-AB97-918A783AAF70}"
EndProject
Project("{FAE04EC0-301F-11D3-BF4B-00C04F79EFBC}") = "Project02_Models", "Project02_Models\Project02_Models.csproj", "{7F26CC2F-064B-4A58-9686-40EE0587B3B9}"
EndProject
Project("{FAE04EC0-301F-11D3-BF4B-00C04F79EFBC}") = "Project03_Controllers", "Project03_Controllers\Project03_Controllers.csproj", "{C281FBD0-2B95-4FE3-9F09-979BF048F24D}"
EndProject
Project("{FAE04EC0-301F-11D3-BF4B-00C04F79EFBC}") = "Ubåd", "Ubåd\Ubåd.csproj", "{B179FDC6-69E6-422F-8D69-CAFEADBCEDD1}"
EndProject
Project("{FAE04EC0-301F-11D3-BF4B-00C04F79EFBC}") = "Project04_Views", "Project04_Views\Project04_Views.csproj", "{AD373D4D-828D-49DB-BFF6-2C8D90D446CA}"
EndProject
Global
	GlobalSection(SolutionConfigurationPlatforms) = preSolution
		Debug|Any CPU = Debug|Any CPU
		Release|Any CPU = Release|Any CPU
	EndGlobalSection
	GlobalSection(ProjectConfigurationPlatforms) = postSolution
		{AA2C6D3E-5F23-4E24-A856-E80E32F3F7A3}.Debug|Any CPU.ActiveCfg = Debug|Any CPU
		{AA2C6D3E-5F23-4E24-A856-E80E32F3F7A3}.Debug|Any CPU.Build.0 = Debug|Any CPU
		{AA2C6D3E-5F23-4E24-A856-E80E32F3F7A3}.Release|Any CPU.ActiveCfg = Release|Any CPU
		{AA2C6D3E-5F23-4E24-A856-E80E32F3F7A3}.Release|Any CPU.Build.0 = Release|Any CPU
		{3D1D8190-A628-4425-AB97-918A783AAF70}.Debug|Any CPU.ActiveCfg = Debug|Any CPU
		{3D1D8190-A628-4425-AB97-918A783AAF70}.Debug|Any CPU.Build.0 = Debug|Any CPU
		{3D1D8190-A628-4425-AB97-918A783AAF70}.Release|Any CPU.ActiveCfg = Release|Any CPU
		{3D1D8190-A628-4425-AB97-918A783AAF70}.Release|Any CPU.Build.0 = Release|Any CPU
		{7F26CC2F-064B-4A58-9686-40EE0587B3B9}.Debug|Any CPU.ActiveCfg = Debug|Any CPU
		{7F26CC2F-064B-4A58-9686-40EE0587B3B9}.Debug|Any CPU.Build.0 = Debug|Any CPU
		{7F26CC2F-064B-4A58-9686-40EE0587B3B9}.Release|Any CPU.ActiveCfg = Release|Any CPU
		{7F26CC2F-064B-4A58-9686-40EE0587B3B9}.Release|Any CPU.Build.0 = Release|Any CPU
		{C281FBD0-2B95-4FE3-9F09-979BF048F24D}.Debug|Any CPU.ActiveCfg = Debug|Any CPU
		{C281FBD0-2B95-4FE3-9F09-979BF048F24D}.Debug|Any CPU.Build.0 = Debug|Any CPU
		{C281FBD0-2B95-4FE3-9F09-979BF048F24D}.Release|Any CPU.ActiveCfg = Release|Any CPU
		{C281FBD0-2B95-4FE3-9F09-979BF048F24D}.Release|Any CPU.Build.0 = Release|Any CPU
		{B179FDC6-69E6-422F-8D69-CAFEADBCEDD1}.Debug|Any CPU.ActiveCfg = Debug|Any CPU
		{B179FDC6-69E6-422F-8D69-CAFEADBCEDD1}.Debug|Any CPU.Build.0 = Debug|Any CPU
		{B179FDC6-69E6-422F-8D69-CAFEADBCEDD1}.Release|Any CPU.ActiveCfg = Release|Any CPU
		{B179FDC6-69E6-422F-8D69-CAFEADBCEDD1}.Release|Any CPU.Build.0 = Release|Any CPU
		{AD373D4D-828D-49DB-BFF6-2C8D90D446CA}.Debug|Any CPU.ActiveCfg = Debug|Any CPU
		{AD373D4D-828D-49DB-BFF6-2C8D90D446CA}.Debug|Any CPU.Build.0 = Debug|Any CPU
		{AD373D4D-828D-49DB-BFF6-2C8D90D446CA}.Release|Any CPU.ActiveCfg = Release|Any CPU
		{AD373D4D-828D-49DB-BFF6-2C8D90D446CA}.Release|Any CPU.Build.0 = Release|Any CPU
	EndGlobalSection
	GlobalSection(SolutionProperties) = preSolution
		HideSolutionNode = FALSE
	EndGlobalSection
EndGlobal
